
Microsoft Visual Studio Solution File, Format Version 12.00
# Visual Studio 2013
Project("{FAE04EC0-301F-11D3-BF4B-00C04F79EFBC}") = "First-Level - Copy.CSharp", "First-Level - Copy.CSharp.csproj", "{48E92358-117C-68D5-339C-CAC76745486B}"
EndProject
Global
	GlobalSection(SolutionConfigurationPlatforms) = preSolution
		Debug|Any CPU = Debug|Any CPU
		Release|Any CPU = Release|Any CPU
	EndGlobalSection
	GlobalSection(ProjectConfigurationPlatforms) = postSolution
		{48E92358-117C-68D5-339C-CAC76745486B}.Debug|Any CPU.ActiveCfg = Debug|Any CPU
		{48E92358-117C-68D5-339C-CAC76745486B}.Debug|Any CPU.Build.0 = Debug|Any CPU
		{48E92358-117C-68D5-339C-CAC76745486B}.Release|Any CPU.ActiveCfg = Release|Any CPU
		{48E92358-117C-68D5-339C-CAC76745486B}.Release|Any CPU.Build.0 = Release|Any CPU
	EndGlobalSection
	GlobalSection(SolutionProperties) = preSolution
		HideSolutionNode = FALSE
	EndGlobalSection
EndGlobal
